// !$*UTF8*$!
{
	archiveVersion = 1;
	classes = {
	};
	objectVersion = 48;
	objects = {

/* Begin PBXBuildFile section */
		1B495DD81FA19F8600A8739F /* AppDelegate.swift in Sources */ = {isa = PBXBuildFile; fileRef = 1B495DD71FA19F8600A8739F /* AppDelegate.swift */; };
		1B495DDA1FA19F8600A8739F /* TeamsViewController.swift in Sources */ = {isa = PBXBuildFile; fileRef = 1B495DD91FA19F8600A8739F /* TeamsViewController.swift */; };
		1B495DDD1FA19F8600A8739F /* Main.storyboard in Resources */ = {isa = PBXBuildFile; fileRef = 1B495DDB1FA19F8600A8739F /* Main.storyboard */; };
		1B495DDF1FA19F8600A8739F /* Assets.xcassets in Resources */ = {isa = PBXBuildFile; fileRef = 1B495DDE1FA19F8600A8739F /* Assets.xcassets */; };
		1B495DE21FA19F8600A8739F /* LaunchScreen.storyboard in Resources */ = {isa = PBXBuildFile; fileRef = 1B495DE01FA19F8600A8739F /* LaunchScreen.storyboard */; };
		1B495DEA1FA5D96A00A8739F /* GoogleService-Info.plist in Resources */ = {isa = PBXBuildFile; fileRef = 1B495DE91FA5D96A00A8739F /* GoogleService-Info.plist */; };
		1B495DFF1FA60D2600A8739F /* HEADPLANE.TTF in Resources */ = {isa = PBXBuildFile; fileRef = 1B495DFA1FA60BAC00A8739F /* HEADPLANE.TTF */; };
		1B495E001FA60D2C00A8739F /* Exo2-Regular.ttf in Resources */ = {isa = PBXBuildFile; fileRef = 1B495DF71FA60BAC00A8739F /* Exo2-Regular.ttf */; };
		B7CC4455639235776713E7CD /* Pods_WC2018Info.framework in Frameworks */ = {isa = PBXBuildFile; fileRef = FF9C091ED378A4822D9C6025 /* Pods_WC2018Info.framework */; };
/* End PBXBuildFile section */

/* Begin PBXFileReference section */
		1B495DD41FA19F8600A8739F /* WC2018Info.app */ = {isa = PBXFileReference; explicitFileType = wrapper.application; includeInIndex = 0; path = WC2018Info.app; sourceTree = BUILT_PRODUCTS_DIR; };
		1B495DD71FA19F8600A8739F /* AppDelegate.swift */ = {isa = PBXFileReference; lastKnownFileType = sourcecode.swift; path = AppDelegate.swift; sourceTree = "<group>"; };
		1B495DD91FA19F8600A8739F /* TeamsViewController.swift */ = {isa = PBXFileReference; lastKnownFileType = sourcecode.swift; path = TeamsViewController.swift; sourceTree = "<group>"; };
		1B495DDC1FA19F8600A8739F /* Base */ = {isa = PBXFileReference; lastKnownFileType = file.storyboard; name = Base; path = Base.lproj/Main.storyboard; sourceTree = "<group>"; };
		1B495DDE1FA19F8600A8739F /* Assets.xcassets */ = {isa = PBXFileReference; lastKnownFileType = folder.assetcatalog; path = Assets.xcassets; sourceTree = "<group>"; };
		1B495DE11FA19F8600A8739F /* Base */ = {isa = PBXFileReference; lastKnownFileType = file.storyboard; name = Base; path = Base.lproj/LaunchScreen.storyboard; sourceTree = "<group>"; };
		1B495DE31FA19F8600A8739F /* Info.plist */ = {isa = PBXFileReference; lastKnownFileType = text.plist.xml; path = Info.plist; sourceTree = "<group>"; };
		1B495DE91FA5D96A00A8739F /* GoogleService-Info.plist */ = {isa = PBXFileReference; fileEncoding = 4; lastKnownFileType = text.plist.xml; path = "GoogleService-Info.plist"; sourceTree = "<group>"; };
		1B495DEC1FA60BAB00A8739F /* Exo2-Medium.ttf */ = {isa = PBXFileReference; lastKnownFileType = file; path = "Exo2-Medium.ttf"; sourceTree = "<group>"; };
		1B495DED1FA60BAB00A8739F /* Exo2-ThinItalic.ttf */ = {isa = PBXFileReference; lastKnownFileType = file; path = "Exo2-ThinItalic.ttf"; sourceTree = "<group>"; };
		1B495DEE1FA60BAB00A8739F /* Exo2-Bold.ttf */ = {isa = PBXFileReference; lastKnownFileType = file; path = "Exo2-Bold.ttf"; sourceTree = "<group>"; };
		1B495DEF1FA60BAB00A8739F /* Exo2-Black.ttf */ = {isa = PBXFileReference; lastKnownFileType = file; path = "Exo2-Black.ttf"; sourceTree = "<group>"; };
		1B495DF01FA60BAB00A8739F /* Exo2-ExtraBold.ttf */ = {isa = PBXFileReference; lastKnownFileType = file; path = "Exo2-ExtraBold.ttf"; sourceTree = "<group>"; };
		1B495DF11FA60BAC00A8739F /* Exo2-MediumItalic.ttf */ = {isa = PBXFileReference; lastKnownFileType = file; path = "Exo2-MediumItalic.ttf"; sourceTree = "<group>"; };
		1B495DF21FA60BAC00A8739F /* Exo2-ExtraLightItalic.ttf */ = {isa = PBXFileReference; lastKnownFileType = file; path = "Exo2-ExtraLightItalic.ttf"; sourceTree = "<group>"; };
		1B495DF31FA60BAC00A8739F /* Exo2-ExtraLight.ttf */ = {isa = PBXFileReference; lastKnownFileType = file; path = "Exo2-ExtraLight.ttf"; sourceTree = "<group>"; };
		1B495DF41FA60BAC00A8739F /* Exo2-SemiBold.ttf */ = {isa = PBXFileReference; lastKnownFileType = file; path = "Exo2-SemiBold.ttf"; sourceTree = "<group>"; };
		1B495DF51FA60BAC00A8739F /* Exo2-SemiBoldItalic.ttf */ = {isa = PBXFileReference; lastKnownFileType = file; path = "Exo2-SemiBoldItalic.ttf"; sourceTree = "<group>"; };
		1B495DF61FA60BAC00A8739F /* Exo2-BoldItalic.ttf */ = {isa = PBXFileReference; lastKnownFileType = file; path = "Exo2-BoldItalic.ttf"; sourceTree = "<group>"; };
		1B495DF71FA60BAC00A8739F /* Exo2-Regular.ttf */ = {isa = PBXFileReference; lastKnownFileType = file; path = "Exo2-Regular.ttf"; sourceTree = "<group>"; };
		1B495DF81FA60BAC00A8739F /* Exo2-ExtraBoldItalic.ttf */ = {isa = PBXFileReference; lastKnownFileType = file; path = "Exo2-ExtraBoldItalic.ttf"; sourceTree = "<group>"; };
		1B495DF91FA60BAC00A8739F /* Exo2-BlackItalic.ttf */ = {isa = PBXFileReference; lastKnownFileType = file; path = "Exo2-BlackItalic.ttf"; sourceTree = "<group>"; };
		1B495DFA1FA60BAC00A8739F /* HEADPLANE.TTF */ = {isa = PBXFileReference; lastKnownFileType = file; path = HEADPLANE.TTF; sourceTree = "<group>"; };
		1B495DFB1FA60BAD00A8739F /* Exo2-Italic.ttf */ = {isa = PBXFileReference; lastKnownFileType = file; path = "Exo2-Italic.ttf"; sourceTree = "<group>"; };
		1B495DFC1FA60BAD00A8739F /* Exo2-Light.ttf */ = {isa = PBXFileReference; lastKnownFileType = file; path = "Exo2-Light.ttf"; sourceTree = "<group>"; };
		1B495DFD1FA60BAD00A8739F /* Exo2-LightItalic.ttf */ = {isa = PBXFileReference; lastKnownFileType = file; path = "Exo2-LightItalic.ttf"; sourceTree = "<group>"; };
		1B495DFE1FA60BAD00A8739F /* Exo2-Thin.ttf */ = {isa = PBXFileReference; lastKnownFileType = file; path = "Exo2-Thin.ttf"; sourceTree = "<group>"; };
		38EB280269C1B2605B54684A /* Pods-WC2018Info.debug.xcconfig */ = {isa = PBXFileReference; includeInIndex = 1; lastKnownFileType = text.xcconfig; name = "Pods-WC2018Info.debug.xcconfig"; path = "Pods/Target Support Files/Pods-WC2018Info/Pods-WC2018Info.debug.xcconfig"; sourceTree = "<group>"; };
		F713BED1E989D50424DDF327 /* Pods-WC2018Info.release.xcconfig */ = {isa = PBXFileReference; includeInIndex = 1; lastKnownFileType = text.xcconfig; name = "Pods-WC2018Info.release.xcconfig"; path = "Pods/Target Support Files/Pods-WC2018Info/Pods-WC2018Info.release.xcconfig"; sourceTree = "<group>"; };
		FF9C091ED378A4822D9C6025 /* Pods_WC2018Info.framework */ = {isa = PBXFileReference; explicitFileType = wrapper.framework; includeInIndex = 0; path = Pods_WC2018Info.framework; sourceTree = BUILT_PRODUCTS_DIR; };
/* End PBXFileReference section */

/* Begin PBXFrameworksBuildPhase section */
		1B495DD11FA19F8600A8739F /* Frameworks */ = {
			isa = PBXFrameworksBuildPhase;
			buildActionMask = 2147483647;
			files = (
				B7CC4455639235776713E7CD /* Pods_WC2018Info.framework in Frameworks */,
			);
			runOnlyForDeploymentPostprocessing = 0;
		};
/* End PBXFrameworksBuildPhase section */

/* Begin PBXGroup section */
		1B495DCB1FA19F8600A8739F = {
			isa = PBXGroup;
			children = (
				1B495DEB1FA60B9B00A8739F /* Fonts */,
				1B495DD61FA19F8600A8739F /* WC2018Info */,
				1B495DD51FA19F8600A8739F /* Products */,
				56D49B20A0497A01689B5748 /* Pods */,
				C8F8A43CF5EEC12557C406B5 /* Frameworks */,
			);
			sourceTree = "<group>";
		};
		1B495DD51FA19F8600A8739F /* Products */ = {
			isa = PBXGroup;
			children = (
				1B495DD41FA19F8600A8739F /* WC2018Info.app */,
			);
			name = Products;
			sourceTree = "<group>";
		};
		1B495DD61FA19F8600A8739F /* WC2018Info */ = {
			isa = PBXGroup;
			children = (
				1B495DE91FA5D96A00A8739F /* GoogleService-Info.plist */,
				1B495DD71FA19F8600A8739F /* AppDelegate.swift */,
				1B495DD91FA19F8600A8739F /* TeamsViewController.swift */,
				1B495DDB1FA19F8600A8739F /* Main.storyboard */,
				1B495DDE1FA19F8600A8739F /* Assets.xcassets */,
				1B495DE01FA19F8600A8739F /* LaunchScreen.storyboard */,
				1B495DE31FA19F8600A8739F /* Info.plist */,
			);
			path = WC2018Info;
			sourceTree = "<group>";
		};
		1B495DEB1FA60B9B00A8739F /* Fonts */ = {
			isa = PBXGroup;
			children = (
				1B495DEF1FA60BAB00A8739F /* Exo2-Black.ttf */,
				1B495DF91FA60BAC00A8739F /* Exo2-BlackItalic.ttf */,
				1B495DEE1FA60BAB00A8739F /* Exo2-Bold.ttf */,
				1B495DF61FA60BAC00A8739F /* Exo2-BoldItalic.ttf */,
				1B495DF01FA60BAB00A8739F /* Exo2-ExtraBold.ttf */,
				1B495DF81FA60BAC00A8739F /* Exo2-ExtraBoldItalic.ttf */,
				1B495DF31FA60BAC00A8739F /* Exo2-ExtraLight.ttf */,
				1B495DF21FA60BAC00A8739F /* Exo2-ExtraLightItalic.ttf */,
				1B495DFB1FA60BAD00A8739F /* Exo2-Italic.ttf */,
				1B495DFC1FA60BAD00A8739F /* Exo2-Light.ttf */,
				1B495DFD1FA60BAD00A8739F /* Exo2-LightItalic.ttf */,
				1B495DEC1FA60BAB00A8739F /* Exo2-Medium.ttf */,
				1B495DF11FA60BAC00A8739F /* Exo2-MediumItalic.ttf */,
				1B495DF71FA60BAC00A8739F /* Exo2-Regular.ttf */,
				1B495DF41FA60BAC00A8739F /* Exo2-SemiBold.ttf */,
				1B495DF51FA60BAC00A8739F /* Exo2-SemiBoldItalic.ttf */,
				1B495DFE1FA60BAD00A8739F /* Exo2-Thin.ttf */,
				1B495DED1FA60BAB00A8739F /* Exo2-ThinItalic.ttf */,
				1B495DFA1FA60BAC00A8739F /* HEADPLANE.TTF */,
			);
			path = Fonts;
			sourceTree = "<group>";
		};
		56D49B20A0497A01689B5748 /* Pods */ = {
			isa = PBXGroup;
			children = (
				38EB280269C1B2605B54684A /* Pods-WC2018Info.debug.xcconfig */,
				F713BED1E989D50424DDF327 /* Pods-WC2018Info.release.xcconfig */,
			);
			name = Pods;
			sourceTree = "<group>";
		};
		C8F8A43CF5EEC12557C406B5 /* Frameworks */ = {
			isa = PBXGroup;
			children = (
				FF9C091ED378A4822D9C6025 /* Pods_WC2018Info.framework */,
			);
			name = Frameworks;
			sourceTree = "<group>";
		};
/* End PBXGroup section */

/* Begin PBXNativeTarget section */
		1B495DD31FA19F8600A8739F /* WC2018Info */ = {
			isa = PBXNativeTarget;
			buildConfigurationList = 1B495DE61FA19F8600A8739F /* Build configuration list for PBXNativeTarget "WC2018Info" */;
			buildPhases = (
				9EFF2907B7D9E7E8114EC7AB /* [CP] Check Pods Manifest.lock */,
				1B495DD01FA19F8600A8739F /* Sources */,
				1B495DD11FA19F8600A8739F /* Frameworks */,
				1B495DD21FA19F8600A8739F /* Resources */,
				B030B41335781C1168C658DB /* [CP] Embed Pods Frameworks */,
				353B546980F35B40ECAFE7D3 /* [CP] Copy Pods Resources */,
			);
			buildRules = (
			);
			dependencies = (
			);
			name = WC2018Info;
			productName = WC2018Info;
			productReference = 1B495DD41FA19F8600A8739F /* WC2018Info.app */;
			productType = "com.apple.product-type.application";
		};
/* End PBXNativeTarget section */

/* Begin PBXProject section */
		1B495DCC1FA19F8600A8739F /* Project object */ = {
			isa = PBXProject;
			attributes = {
				LastSwiftUpdateCheck = 0900;
				LastUpgradeCheck = 0900;
				ORGANIZATIONNAME = "twisted echo";
				TargetAttributes = {
					1B495DD31FA19F8600A8739F = {
						CreatedOnToolsVersion = 9.0.1;
						ProvisioningStyle = Automatic;
					};
				};
			};
			buildConfigurationList = 1B495DCF1FA19F8600A8739F /* Build configuration list for PBXProject "WC2018Info" */;
			compatibilityVersion = "Xcode 8.0";
			developmentRegion = en;
			hasScannedForEncodings = 0;
			knownRegions = (
				en,
				Base,
			);
			mainGroup = 1B495DCB1FA19F8600A8739F;
			productRefGroup = 1B495DD51FA19F8600A8739F /* Products */;
			projectDirPath = "";
			projectRoot = "";
			targets = (
				1B495DD31FA19F8600A8739F /* WC2018Info */,
			);
		};
/* End PBXProject section */

/* Begin PBXResourcesBuildPhase section */
		1B495DD21FA19F8600A8739F /* Resources */ = {
			isa = PBXResourcesBuildPhase;
			buildActionMask = 2147483647;
			files = (
				1B495DE21FA19F8600A8739F /* LaunchScreen.storyboard in Resources */,
				1B495DEA1FA5D96A00A8739F /* GoogleService-Info.plist in Resources */,
				1B495DDF1FA19F8600A8739F /* Assets.xcassets in Resources */,
				1B495DFF1FA60D2600A8739F /* HEADPLANE.TTF in Resources */,
				1B495DDD1FA19F8600A8739F /* Main.storyboard in Resources */,
				1B495E001FA60D2C00A8739F /* Exo2-Regular.ttf in Resources */,
			);
			runOnlyForDeploymentPostprocessing = 0;
		};
/* End PBXResourcesBuildPhase section */

/* Begin PBXShellScriptBuildPhase section */
		353B546980F35B40ECAFE7D3 /* [CP] Copy Pods Resources */ = {
			isa = PBXShellScriptBuildPhase;
			buildActionMask = 2147483647;
			files = (
			);
			inputPaths = (
			);
			name = "[CP] Copy Pods Resources";
			outputPaths = (
			);
			runOnlyForDeploymentPostprocessing = 0;
			shellPath = /bin/sh;
			shellScript = "\"${SRCROOT}/Pods/Target Support Files/Pods-WC2018Info/Pods-WC2018Info-resources.sh\"\n";
			showEnvVarsInLog = 0;
		};
		9EFF2907B7D9E7E8114EC7AB /* [CP] Check Pods Manifest.lock */ = {
			isa = PBXShellScriptBuildPhase;
			buildActionMask = 2147483647;
			files = (
			);
			inputPaths = (
				"${PODS_PODFILE_DIR_PATH}/Podfile.lock",
				"${PODS_ROOT}/Manifest.lock",
			);
			name = "[CP] Check Pods Manifest.lock";
			outputPaths = (
				"$(DERIVED_FILE_DIR)/Pods-WC2018Info-checkManifestLockResult.txt",
			);
			runOnlyForDeploymentPostprocessing = 0;
			shellPath = /bin/sh;
			shellScript = "diff \"${PODS_PODFILE_DIR_PATH}/Podfile.lock\" \"${PODS_ROOT}/Manifest.lock\" > /dev/null\nif [ $? != 0 ] ; then\n    # print error to STDERR\n    echo \"error: The sandbox is not in sync with the Podfile.lock. Run 'pod install' or update your CocoaPods installation.\" >&2\n    exit 1\nfi\n# This output is used by Xcode 'outputs' to avoid re-running this script phase.\necho \"SUCCESS\" > \"${SCRIPT_OUTPUT_FILE_0}\"\n";
			showEnvVarsInLog = 0;
		};
		B030B41335781C1168C658DB /* [CP] Embed Pods Frameworks */ = {
			isa = PBXShellScriptBuildPhase;
			buildActionMask = 2147483647;
			files = (
			);
			inputPaths = (
				"${SRCROOT}/Pods/Target Support Files/Pods-WC2018Info/Pods-WC2018Info-frameworks.sh",
				"${BUILT_PRODUCTS_DIR}/GTMSessionFetcher/GTMSessionFetcher.framework",
				"${BUILT_PRODUCTS_DIR}/GoogleToolboxForMac/GoogleToolboxForMac.framework",
				"${BUILT_PRODUCTS_DIR}/leveldb-library/leveldb.framework",
				"${BUILT_PRODUCTS_DIR}/nanopb/nanopb.framework",
			);
			name = "[CP] Embed Pods Frameworks";
			outputPaths = (
				"${TARGET_BUILD_DIR}/${FRAMEWORKS_FOLDER_PATH}/GTMSessionFetcher.framework",
				"${TARGET_BUILD_DIR}/${FRAMEWORKS_FOLDER_PATH}/GoogleToolboxForMac.framework",
				"${TARGET_BUILD_DIR}/${FRAMEWORKS_FOLDER_PATH}/leveldb.framework",
				"${TARGET_BUILD_DIR}/${FRAMEWORKS_FOLDER_PATH}/nanopb.framework",
			);
			runOnlyForDeploymentPostprocessing = 0;
			shellPath = /bin/sh;
			shellScript = "\"${SRCROOT}/Pods/Target Support Files/Pods-WC2018Info/Pods-WC2018Info-frameworks.sh\"\n";
			showEnvVarsInLog = 0;
		};
/* End PBXShellScriptBuildPhase section */

/* Begin PBXSourcesBuildPhase section */
		1B495DD01FA19F8600A8739F /* Sources */ = {
			isa = PBXSourcesBuildPhase;
			buildActionMask = 2147483647;
			files = (
				1B495DDA1FA19F8600A8739F /* TeamsViewController.swift in Sources */,
				1B495DD81FA19F8600A8739F /* AppDelegate.swift in Sources */,
			);
			runOnlyForDeploymentPostprocessing = 0;
		};
/* End PBXSourcesBuildPhase section */

/* Begin PBXVariantGroup section */
		1B495DDB1FA19F8600A8739F /* Main.storyboard */ = {
			isa = PBXVariantGroup;
			children = (
				1B495DDC1FA19F8600A8739F /* Base */,
			);
			name = Main.storyboard;
			sourceTree = "<group>";
		};
		1B495DE01FA19F8600A8739F /* LaunchScreen.storyboard */ = {
			isa = PBXVariantGroup;
			children = (
				1B495DE11FA19F8600A8739F /* Base */,
			);
			name = LaunchScreen.storyboard;
			sourceTree = "<group>";
		};
/* End PBXVariantGroup section */

/* Begin XCBuildConfiguration section */
		1B495DE41FA19F8600A8739F /* Debug */ = {
			isa = XCBuildConfiguration;
			buildSettings = {
				ALWAYS_SEARCH_USER_PATHS = NO;
				CLANG_ANALYZER_NONNULL = YES;
				CLANG_ANALYZER_NUMBER_OBJECT_CONVERSION = YES_AGGRESSIVE;
				CLANG_CXX_LANGUAGE_STANDARD = "gnu++14";
				CLANG_CXX_LIBRARY = "libc++";
				CLANG_ENABLE_MODULES = YES;
				CLANG_ENABLE_OBJC_ARC = YES;
				CLANG_WARN_BLOCK_CAPTURE_AUTORELEASING = YES;
				CLANG_WARN_BOOL_CONVERSION = YES;
				CLANG_WARN_COMMA = YES;
				CLANG_WARN_CONSTANT_CONVERSION = YES;
				CLANG_WARN_DIRECT_OBJC_ISA_USAGE = YES_ERROR;
				CLANG_WARN_DOCUMENTATION_COMMENTS = YES;
				CLANG_WARN_EMPTY_BODY = YES;
				CLANG_WARN_ENUM_CONVERSION = YES;
				CLANG_WARN_INFINITE_RECURSION = YES;
				CLANG_WARN_INT_CONVERSION = YES;
				CLANG_WARN_NON_LITERAL_NULL_CONVERSION = YES;
				CLANG_WARN_OBJC_LITERAL_CONVERSION = YES;
				CLANG_WARN_OBJC_ROOT_CLASS = YES_ERROR;
				CLANG_WARN_RANGE_LOOP_ANALYSIS = YES;
				CLANG_WARN_STRICT_PROTOTYPES = YES;
				CLANG_WARN_SUSPICIOUS_MOVE = YES;
				CLANG_WARN_UNGUARDED_AVAILABILITY = YES_AGGRESSIVE;
				CLANG_WARN_UNREACHABLE_CODE = YES;
				CLANG_WARN__DUPLICATE_METHOD_MATCH = YES;
				CODE_SIGN_IDENTITY = "iPhone Developer";
				COPY_PHASE_STRIP = NO;
				DEBUG_INFORMATION_FORMAT = dwarf;
				ENABLE_STRICT_OBJC_MSGSEND = YES;
				ENABLE_TESTABILITY = YES;
				GCC_C_LANGUAGE_STANDARD = gnu11;
				GCC_DYNAMIC_NO_PIC = NO;
				GCC_NO_COMMON_BLOCKS = YES;
				GCC_OPTIMIZATION_LEVEL = 0;
				GCC_PREPROCESSOR_DEFINITIONS = (
					"DEBUG=1",
					"$(inherited)",
				);
				GCC_WARN_64_TO_32_BIT_CONVERSION = YES;
				GCC_WARN_ABOUT_RETURN_TYPE = YES_ERROR;
				GCC_WARN_UNDECLARED_SELECTOR = YES;
				GCC_WARN_UNINITIALIZED_AUTOS = YES_AGGRESSIVE;
				GCC_WARN_UNUSED_FUNCTION = YES;
				GCC_WARN_UNUSED_VARIABLE = YES;
				IPHONEOS_DEPLOYMENT_TARGET = 11.0;
				MTL_ENABLE_DEBUG_INFO = YES;
				ONLY_ACTIVE_ARCH = YES;
				SDKROOT = iphoneos;
				SWIFT_ACTIVE_COMPILATION_CONDITIONS = DEBUG;
				SWIFT_OPTIMIZATION_LEVEL = "-Onone";
			};
			name = Debug;
		};
		1B495DE51FA19F8600A8739F /* Release */ = {
			isa = XCBuildConfiguration;
			buildSettings = {
				ALWAYS_SEARCH_USER_PATHS = NO;
				CLANG_ANALYZER_NONNULL = YES;
				CLANG_ANALYZER_NUMBER_OBJECT_CONVERSION = YES_AGGRESSIVE;
				CLANG_CXX_LANGUAGE_STANDARD = "gnu++14";
				CLANG_CXX_LIBRARY = "libc++";
				CLANG_ENABLE_MODULES = YES;
				CLANG_ENABLE_OBJC_ARC = YES;
				CLANG_WARN_BLOCK_CAPTURE_AUTORELEASING = YES;
				CLANG_WARN_BOOL_CONVERSION = YES;
				CLANG_WARN_COMMA = YES;
				CLANG_WARN_CONSTANT_CONVERSION = YES;
				CLANG_WARN_DIRECT_OBJC_ISA_USAGE = YES_ERROR;
				CLANG_WARN_DOCUMENTATION_COMMENTS = YES;
				CLANG_WARN_EMPTY_BODY = YES;
				CLANG_WARN_ENUM_CONVERSION = YES;
				CLANG_WARN_INFINITE_RECURSION = YES;
				CLANG_WARN_INT_CONVERSION = YES;
				CLANG_WARN_NON_LITERAL_NULL_CONVERSION = YES;
				CLANG_WARN_OBJC_LITERAL_CONVERSION = YES;
				CLANG_WARN_OBJC_ROOT_CLASS = YES_ERROR;
				CLANG_WARN_RANGE_LOOP_ANALYSIS = YES;
				CLANG_WARN_STRICT_PROTOTYPES = YES;
				CLANG_WARN_SUSPICIOUS_MOVE = YES;
				CLANG_WARN_UNGUARDED_AVAILABILITY = YES_AGGRESSIVE;
				CLANG_WARN_UNREACHABLE_CODE = YES;
				CLANG_WARN__DUPLICATE_METHOD_MATCH = YES;
				CODE_SIGN_IDENTITY = "iPhone Developer";
				COPY_PHASE_STRIP = NO;
				DEBUG_INFORMATION_FORMAT = "dwarf-with-dsym";
				ENABLE_NS_ASSERTIONS = NO;
				ENABLE_STRICT_OBJC_MSGSEND = YES;
				GCC_C_LANGUAGE_STANDARD = gnu11;
				GCC_NO_COMMON_BLOCKS = YES;
				GCC_WARN_64_TO_32_BIT_CONVERSION = YES;
				GCC_WARN_ABOUT_RETURN_TYPE = YES_ERROR;
				GCC_WARN_UNDECLARED_SELECTOR = YES;
				GCC_WARN_UNINITIALIZED_AUTOS = YES_AGGRESSIVE;
				GCC_WARN_UNUSED_FUNCTION = YES;
				GCC_WARN_UNUSED_VARIABLE = YES;
				IPHONEOS_DEPLOYMENT_TARGET = 11.0;
				MTL_ENABLE_DEBUG_INFO = NO;
				SDKROOT = iphoneos;
				SWIFT_OPTIMIZATION_LEVEL = "-Owholemodule";
				VALIDATE_PRODUCT = YES;
			};
			name = Release;
		};
		1B495DE71FA19F8600A8739F /* Debug */ = {
			isa = XCBuildConfiguration;
			baseConfigurationReference = 38EB280269C1B2605B54684A /* Pods-WC2018Info.debug.xcconfig */;
			buildSettings = {
				ASSETCATALOG_COMPILER_APPICON_NAME = AppIcon;
				CODE_SIGN_STYLE = Automatic;
				DEVELOPMENT_TEAM = UMQAGMF379;
				INFOPLIST_FILE = WC2018Info/Info.plist;
				LD_RUNPATH_SEARCH_PATHS = "$(inherited) @executable_path/Frameworks";
				PRODUCT_BUNDLE_IDENTIFIER = com.twisted.WC2018Info;
				PRODUCT_NAME = "$(TARGET_NAME)";
				SWIFT_VERSION = 4.0;
				TARGETED_DEVICE_FAMILY = "1,2";
			};
			name = Debug;
		};
		1B495DE81FA19F8600A8739F /* Release */ = {
			isa = XCBuildConfiguration;
			baseConfigurationReference = F713BED1E989D50424DDF327 /* Pods-WC2018Info.release.xcconfig */;
			buildSettings = {
				ASSETCATALOG_COMPILER_APPICON_NAME = AppIcon;
				CODE_SIGN_STYLE = Automatic;
				DEVELOPMENT_TEAM = UMQAGMF379;
				INFOPLIST_FILE = WC2018Info/Info.plist;
				LD_RUNPATH_SEARCH_PATHS = "$(inherited) @executable_path/Frameworks";
				PRODUCT_BUNDLE_IDENTIFIER = com.twisted.WC2018Info;
				PRODUCT_NAME = "$(TARGET_NAME)";
				SWIFT_VERSION = 4.0;
				TARGETED_DEVICE_FAMILY = "1,2";
			};
			name = Release;
		};
/* End XCBuildConfiguration section */

/* Begin XCConfigurationList section */
		1B495DCF1FA19F8600A8739F /* Build configuration list for PBXProject "WC2018Info" */ = {
			isa = XCConfigurationList;
			buildConfigurations = (
				1B495DE41FA19F8600A8739F /* Debug */,
				1B495DE51FA19F8600A8739F /* Release */,
			);
			defaultConfigurationIsVisible = 0;
			defaultConfigurationName = Release;
		};
		1B495DE61FA19F8600A8739F /* Build configuration list for PBXNativeTarget "WC2018Info" */ = {
			isa = XCConfigurationList;
			buildConfigurations = (
				1B495DE71FA19F8600A8739F /* Debug */,
				1B495DE81FA19F8600A8739F /* Release */,
			);
			defaultConfigurationIsVisible = 0;
			defaultConfigurationName = Release;
		};
/* End XCConfigurationList section */
	};
	rootObject = 1B495DCC1FA19F8600A8739F /* Project object */;
}
